
Microsoft Visual Studio Solution File, Format Version 12.00
# Visual Studio Version 17
VisualStudioVersion = 17.3.32901.215
MinimumVisualStudioVersion = 10.0.40219.1
Project("{FAE04EC0-301F-11D3-BF4B-00C04F79EFBC}") = "VisualAcademy", "VisualAcademy\VisualAcademy.csproj", "{F2762A97-688C-47E2-B750-7269E4E13EF2}"
EndProject
Global
	GlobalSection(SolutionConfigurationPlatforms) = preSolution
		Debug|Any CPU = Debug|Any CPU
		Release|Any CPU = Release|Any CPU
	EndGlobalSection
	GlobalSection(ProjectConfigurationPlatforms) = postSolution
		{F2762A97-688C-47E2-B750-7269E4E13EF2}.Debug|Any CPU.ActiveCfg = Debug|Any CPU
		{F2762A97-688C-47E2-B750-7269E4E13EF2}.Debug|Any CPU.Build.0 = Debug|Any CPU
		{F2762A97-688C-47E2-B750-7269E4E13EF2}.Release|Any CPU.ActiveCfg = Release|Any CPU
		{F2762A97-688C-47E2-B750-7269E4E13EF2}.Release|Any CPU.Build.0 = Release|Any CPU
	EndGlobalSection
	GlobalSection(SolutionProperties) = preSolution
		HideSolutionNode = FALSE
	EndGlobalSection
	GlobalSection(ExtensibilityGlobals) = postSolution
		SolutionGuid = {F6931CE3-B198-406D-8061-DBEFB065AE71}
	EndGlobalSection
EndGlobal
